
Microsoft Visual Studio Solution File, Format Version 12.00
# Visual Studio Version 16
VisualStudioVersion = 16.0.31613.86
MinimumVisualStudioVersion = 10.0.40219.1
Project("{FAE04EC0-301F-11D3-BF4B-00C04F79EFBC}") = "Tips", "Tips.csproj", "{7EF11EB6-F382-431F-9860-9879FF0E3B6C}"
EndProject
Global
	GlobalSection(SolutionConfigurationPlatforms) = preSolution
		Debug|Any CPU = Debug|Any CPU
		Release|Any CPU = Release|Any CPU
	EndGlobalSection
	GlobalSection(ProjectConfigurationPlatforms) = postSolution
		{7EF11EB6-F382-431F-9860-9879FF0E3B6C}.Debug|Any CPU.ActiveCfg = Debug|Any CPU
		{7EF11EB6-F382-431F-9860-9879FF0E3B6C}.Debug|Any CPU.Build.0 = Debug|Any CPU
		{7EF11EB6-F382-431F-9860-9879FF0E3B6C}.Release|Any CPU.ActiveCfg = Release|Any CPU
		{7EF11EB6-F382-431F-9860-9879FF0E3B6C}.Release|Any CPU.Build.0 = Release|Any CPU
	EndGlobalSection
	GlobalSection(SolutionProperties) = preSolution
		HideSolutionNode = FALSE
	EndGlobalSection
	GlobalSection(ExtensibilityGlobals) = postSolution
		SolutionGuid = {BA1BD0C5-2AE0-4F4D-B7A5-2C4F6D29D04E}
	EndGlobalSection
EndGlobal
